
Microsoft Visual Studio Solution File, Format Version 12.00
# Visual Studio Version 16
VisualStudioVersion = 16.0.30309.148
MinimumVisualStudioVersion = 10.0.40219.1
Project("{FAE04EC0-301F-11D3-BF4B-00C04F79EFBC}") = "sampleDotNetCore", "sampleDotNetCore\sampleDotNetCore.csproj", "{8B689524-2225-42FF-862E-818A6DB64077}"
EndProject
Global
	GlobalSection(SolutionConfigurationPlatforms) = preSolution
		Debug|Any CPU = Debug|Any CPU
		Release|Any CPU = Release|Any CPU
	EndGlobalSection
	GlobalSection(ProjectConfigurationPlatforms) = postSolution
		{8B689524-2225-42FF-862E-818A6DB64077}.Debug|Any CPU.ActiveCfg = Debug|Any CPU
		{8B689524-2225-42FF-862E-818A6DB64077}.Debug|Any CPU.Build.0 = Debug|Any CPU
		{8B689524-2225-42FF-862E-818A6DB64077}.Release|Any CPU.ActiveCfg = Release|Any CPU
		{8B689524-2225-42FF-862E-818A6DB64077}.Release|Any CPU.Build.0 = Release|Any CPU
	EndGlobalSection
	GlobalSection(SolutionProperties) = preSolution
		HideSolutionNode = FALSE
	EndGlobalSection
	GlobalSection(ExtensibilityGlobals) = postSolution
		SolutionGuid = {01411CAB-9E5D-4F6C-87F6-EBF7091BA797}
	EndGlobalSection
EndGlobal
